
Microsoft Visual Studio Solution File, Format Version 12.00
# Visual Studio 15
VisualStudioVersion = 15.0.27130.2020
MinimumVisualStudioVersion = 10.0.40219.1
Project("{9A19103F-16F7-4668-BE54-9A1E7A4F7556}") = "NetCoreAngularTest", "NetCoreAngularTest\NetCoreAngularTest.csproj", "{B0ECFC23-1203-4194-AA86-48C0645ECDF3}"
EndProject
Global
	GlobalSection(SolutionConfigurationPlatforms) = preSolution
		Debug|Any CPU = Debug|Any CPU
		Release|Any CPU = Release|Any CPU
	EndGlobalSection
	GlobalSection(ProjectConfigurationPlatforms) = postSolution
		{B0ECFC23-1203-4194-AA86-48C0645ECDF3}.Debug|Any CPU.ActiveCfg = Debug|Any CPU
		{B0ECFC23-1203-4194-AA86-48C0645ECDF3}.Debug|Any CPU.Build.0 = Debug|Any CPU
		{B0ECFC23-1203-4194-AA86-48C0645ECDF3}.Release|Any CPU.ActiveCfg = Release|Any CPU
		{B0ECFC23-1203-4194-AA86-48C0645ECDF3}.Release|Any CPU.Build.0 = Release|Any CPU
	EndGlobalSection
	GlobalSection(SolutionProperties) = preSolution
		HideSolutionNode = FALSE
	EndGlobalSection
	GlobalSection(ExtensibilityGlobals) = postSolution
		SolutionGuid = {441B60E6-22EA-47A0-A378-F1825F8D5F07}
	EndGlobalSection
	GlobalSection(TeamFoundationVersionControl) = preSolution
		SccNumberOfProjects = 2
		SccEnterpriseProvider = {4CA58AB2-18FA-4F8D-95D4-32DDF27D184C}
		SccTeamFoundationServer = https://us-eytfs.ey.net/tfs/taxcollection
		SccLocalPath0 = .
		SccProjectUniqueName1 = NetCoreAngularTest\\NetCoreAngularTest.csproj
		SccProjectName1 = NetCoreAngularTest
		SccLocalPath1 = NetCoreAngularTest
	EndGlobalSection
EndGlobal
